<?xml version="1.0" encoding="utf-8"?>
<Project ToolsVersion="4.0" xmlns="http://schemas.microsoft.com/developer/msbuild/2003">
  <ItemGroup>
    <Filter Include="Source Files">
      <UniqueIdentifier>{4FC737F1-C7A5-4376-A066-2A32D752A2FF}</UniqueIdentifier>
      <Extensions>cpp;c;cc;cxx;c++;cppm;ixx;def;odl;idl;hpj;bat;asm;asmx</Extensions>
    </Filter>
    <Filter Include="Header Files">
      <UniqueIdentifier>{93995380-89BD-4b04-88EB-625FBE52EBFB}</UniqueIdentifier>
      <Extensions>h;hh;hpp;hxx;h++;hm;inl;inc;ipp;xsd</Extensions>
    </Filter>
    <Filter Include="Resource Files">
      <UniqueIdentifier>{67DA6AB6-F800-4c08-8B7A-83BB121AAD01}</UniqueIdentifier>
      <Extensions>rc;ico;cur;bmp;dlg;rc2;rct;bin;rgs;gif;jpg;jpeg;jpe;resx;tiff;tif;png;wav;mfcribbon-ms</Extensions>
    </Filter>
  </ItemGroup>
  <ItemGroup>
    <ClCompile Include="source\rendering\cuda\cuda_render_gl.cpp">
      <Filter>Source Files</Filter>
    </ClCompile>
    <ClCompile Include="source\rendering\colors.cpp">
      <Filter>Source Files</Filter>
    </ClCompile>
    <ClCompile Include="source\rendering\draw_image.cpp">
      <Filter>Source Files</Filter>
    </ClCompile>
    <ClCompile Include="source\rendering\helper_open_gl.cpp">
      <Filter>Source Files</Filter>
    </ClCompile>
    <ClCompile Include="source\rendering\render_hub.cpp">
      <Filter>Source Files</Filter>
    </ClCompile>
    <ClCompile Include="source\rendering\shapes_gl.cpp">
      <Filter>Source Files</Filter>
    </ClCompile>
    <ClCompile Include="source\simulating\readTable.cpp">
      <Filter>Source Files</Filter>
    </ClCompile>
    <ClCompile Include="source\simulating\simulation_hub.cpp">
      <Filter>Source Files</Filter>
    </ClCompile>
    <ClCompile Include="source\simulating\simulationEditor.cpp">
      <Filter>Source Files</Filter>
    </ClCompile>
    <ClCompile Include="source\simulating\skewTer.cpp">
      <Filter>Source Files</Filter>
    </ClCompile>
    <ClCompile Include="source\simulating\skewTFile.cpp">
      <Filter>Source Files</Filter>
    </ClCompile>
    <ClCompile Include="source\simulating\skewTMaker.cpp">
      <Filter>Source Files</Filter>
    </ClCompile>
    <ClCompile Include="source\simulating\tracing.cpp">
      <Filter>Source Files</Filter>
    </ClCompile>
    <ClCompile Include="source\camera.cpp">
      <Filter>Source Files</Filter>
    </ClCompile>
    <ClCompile Include="source\cloud_hub.cpp">
      <Filter>Source Files</Filter>
    </ClCompile>
    <ClCompile Include="source\cloud_menu_hub.cpp">
      <Filter>Source Files</Filter>
    </ClCompile>
    <ClCompile Include="source\config.cpp">
      <Filter>Source Files</Filter>
    </ClCompile>
    <ClCompile Include="source\new_input.cpp">
      <Filter>Source Files</Filter>
    </ClCompile>
    <ClCompile Include="external\imgui\imgui.cpp">
      <Filter>Source Files</Filter>
    </ClCompile>
    <ClCompile Include="external\imgui\imgui_demo.cpp">
      <Filter>Source Files</Filter>
    </ClCompile>
    <ClCompile Include="external\imgui\imgui_draw.cpp">
      <Filter>Source Files</Filter>
    </ClCompile>
    <ClCompile Include="external\imgui\imgui_impl.cpp">
      <Filter>Source Files</Filter>
    </ClCompile>
    <ClCompile Include="external\imgui\imgui_impl_glfw.cpp">
      <Filter>Source Files</Filter>
    </ClCompile>
    <ClCompile Include="external\imgui\imgui_impl_opengl3.cpp">
      <Filter>Source Files</Filter>
    </ClCompile>
    <ClCompile Include="external\imgui\imgui_tables.cpp">
      <Filter>Source Files</Filter>
    </ClCompile>
    <ClCompile Include="external\imgui\imgui_widgets.cpp">
      <Filter>Source Files</Filter>
    </ClCompile>
    <ClCompile Include="external\imgui\ImGuizmo.cpp">
      <Filter>Source Files</Filter>
    </ClCompile>
    <ClCompile Include="external\imgui\implot.cpp">
      <Filter>Source Files</Filter>
    </ClCompile>
    <ClCompile Include="external\imgui\implot_demo.cpp">
      <Filter>Source Files</Filter>
    </ClCompile>
    <ClCompile Include="external\imgui\implot_items.cpp">
      <Filter>Source Files</Filter>
    </ClCompile>
    <ClCompile Include="source\math\geometry.cpp">
      <Filter>Source Files</Filter>
    </ClCompile>
    <ClCompile Include="external\glad\src\glad.c">
      <Filter>Source Files</Filter>
    </ClCompile>
  </ItemGroup>
  <ItemGroup>
    <ClInclude Include="include\external\zip_file.hpp">
      <Filter>Header Files</Filter>
    </ClInclude>
    <ClInclude Include="include\math\geometry.hpp">
      <Filter>Header Files</Filter>
    </ClInclude>
    <ClInclude Include="include\math\simplemath.hpp">
      <Filter>Header Files</Filter>
    </ClInclude>
    <ClInclude Include="include\rendering\cuda\cuda_render_gl.h">
      <Filter>Header Files</Filter>
    </ClInclude>
    <ClInclude Include="include\rendering\colors.hpp">
      <Filter>Header Files</Filter>
    </ClInclude>
    <ClInclude Include="include\rendering\draw_image.hpp">
      <Filter>Header Files</Filter>
    </ClInclude>
    <ClInclude Include="include\rendering\helper_open_gl.hpp">
      <Filter>Header Files</Filter>
    </ClInclude>
    <ClInclude Include="include\rendering\new_open_gl.hpp">
      <Filter>Header Files</Filter>
    </ClInclude>
    <ClInclude Include="include\rendering\render_hub.hpp">
      <Filter>Header Files</Filter>
    </ClInclude>
    <ClInclude Include="include\rendering\shapes_gl.hpp">
      <Filter>Header Files</Filter>
    </ClInclude>
    <ClInclude Include="include\simulating\environment.hpp">
      <Filter>Header Files</Filter>
    </ClInclude>
    <ClInclude Include="include\simulating\readTable.h">
      <Filter>Header Files</Filter>
    </ClInclude>
    <ClInclude Include="include\simulating\simulation_hub.hpp">
      <Filter>Header Files</Filter>
    </ClInclude>
    <ClInclude Include="include\simulating\simulationEditor.hpp">
      <Filter>Header Files</Filter>
    </ClInclude>
    <ClInclude Include="include\simulating\skewTer.h">
      <Filter>Header Files</Filter>
    </ClInclude>
    <ClInclude Include="include\simulating\skewTFile.h">
      <Filter>Header Files</Filter>
    </ClInclude>
    <ClInclude Include="include\simulating\skewTMaker.h">
      <Filter>Header Files</Filter>
    </ClInclude>
    <ClInclude Include="include\simulating\tracing.h">
      <Filter>Header Files</Filter>
    </ClInclude>
    <ClInclude Include="include\camera.hpp">
      <Filter>Header Files</Filter>
    </ClInclude>
    <ClInclude Include="include\cloud_hub.hpp">
      <Filter>Header Files</Filter>
    </ClInclude>
    <ClInclude Include="include\cloud_menu_hub.hpp">
      <Filter>Header Files</Filter>
    </ClInclude>
    <ClInclude Include="include\config.h">
      <Filter>Header Files</Filter>
    </ClInclude>
    <ClInclude Include="include\new_input.hpp">
      <Filter>Header Files</Filter>
    </ClInclude>
  </ItemGroup>
  <ItemGroup>
    <None Include="include\utils.cuh" />
  </ItemGroup>
  <ItemGroup>
    <CudaCompile Include="include\math\cudaMath.cuh" />
    <CudaCompile Include="include\rendering\cuda\cloudFile.cuh" />
    <CudaCompile Include="include\simulating\cuda\microPhysics.cuh" />
    <CudaCompile Include="source\simulating\cuda\microPhysics.cu" />
    <CudaCompile Include="source\simulating\cuda\environment.cu" />
    <CudaCompile Include="source\simulating\cuda\kernelSky.cu" />
    <CudaCompile Include="source\simulating\cuda\dataClass.cu" />
    <CudaCompile Include="source\rendering\cuda\LUTS.cu" />
    <CudaCompile Include="source\rendering\cuda\cuda_render.cu" />
    <CudaCompile Include="source\rendering\cuda\cloudFile.cu" />
    <CudaCompile Include="source\math\cudaMath.cu" />
    <CudaCompile Include="include\simulating\cuda\dataClass.cuh" />
    <CudaCompile Include="include\simulating\cuda\environment.cuh" />
    <CudaCompile Include="include\simulating\cuda\kernelSky.cuh" />
    <CudaCompile Include="include\rendering\cuda\cuda_render.cuh" />
    <CudaCompile Include="include\rendering\cuda\LUTs.cuh" />
    <CudaCompile Include="include\rendering\cuda\texture_noise.cuh" />
    <CudaCompile Include="include\math\meteoformulas.cuh" />
    <CudaCompile Include="source\rendering\cuda\texture_noise.cu" />
  </ItemGroup>
</Project>